Microsoft Visual Studio Solution File, Format Version 12.00
# Visual Studio 15
VisualStudioVersion = 15.0.26124.0
MinimumVisualStudioVersion = 15.0.26124.0
Project("{9A19103F-16F7-4668-BE54-9A1E7A4F7556}") = "oresundBilletLibrary", "oresundBilletLibrary\oresundBilletLibrary.csproj", "{E5E668AD-DAE5-4FFC-9729-0D6197E89F6C}"
EndProject
Project("{9A19103F-16F7-4668-BE54-9A1E7A4F7556}") = "oresundBilletLibrary.Tests", "oresundBilletLibrary.Tests\oresundBilletLibrary.Tests.csproj", "{862784CA-5AE4-46FB-83B4-F97CB74D962B}"
EndProject
Global
	GlobalSection(SolutionConfigurationPlatforms) = preSolution
		Debug|Any CPU = Debug|Any CPU
		Debug|x64 = Debug|x64
		Debug|x86 = Debug|x86
		Release|Any CPU = Release|Any CPU
		Release|x64 = Release|x64
		Release|x86 = Release|x86
	EndGlobalSection
	GlobalSection(ProjectConfigurationPlatforms) = postSolution
		{E5E668AD-DAE5-4FFC-9729-0D6197E89F6C}.Debug|Any CPU.ActiveCfg = Debug|Any CPU
		{E5E668AD-DAE5-4FFC-9729-0D6197E89F6C}.Debug|Any CPU.Build.0 = Debug|Any CPU
		{E5E668AD-DAE5-4FFC-9729-0D6197E89F6C}.Debug|x64.ActiveCfg = Debug|Any CPU
		{E5E668AD-DAE5-4FFC-9729-0D6197E89F6C}.Debug|x64.Build.0 = Debug|Any CPU
		{E5E668AD-DAE5-4FFC-9729-0D6197E89F6C}.Debug|x86.ActiveCfg = Debug|Any CPU
		{E5E668AD-DAE5-4FFC-9729-0D6197E89F6C}.Debug|x86.Build.0 = Debug|Any CPU
		{E5E668AD-DAE5-4FFC-9729-0D6197E89F6C}.Release|Any CPU.ActiveCfg = Release|Any CPU
		{E5E668AD-DAE5-4FFC-9729-0D6197E89F6C}.Release|Any CPU.Build.0 = Release|Any CPU
		{E5E668AD-DAE5-4FFC-9729-0D6197E89F6C}.Release|x64.ActiveCfg = Release|Any CPU
		{E5E668AD-DAE5-4FFC-9729-0D6197E89F6C}.Release|x64.Build.0 = Release|Any CPU
		{E5E668AD-DAE5-4FFC-9729-0D6197E89F6C}.Release|x86.ActiveCfg = Release|Any CPU
		{E5E668AD-DAE5-4FFC-9729-0D6197E89F6C}.Release|x86.Build.0 = Release|Any CPU
		{862784CA-5AE4-46FB-83B4-F97CB74D962B}.Debug|Any CPU.ActiveCfg = Debug|Any CPU
		{862784CA-5AE4-46FB-83B4-F97CB74D962B}.Debug|Any CPU.Build.0 = Debug|Any CPU
		{862784CA-5AE4-46FB-83B4-F97CB74D962B}.Debug|x64.ActiveCfg = Debug|Any CPU
		{862784CA-5AE4-46FB-83B4-F97CB74D962B}.Debug|x64.Build.0 = Debug|Any CPU
		{862784CA-5AE4-46FB-83B4-F97CB74D962B}.Debug|x86.ActiveCfg = Debug|Any CPU
		{862784CA-5AE4-46FB-83B4-F97CB74D962B}.Debug|x86.Build.0 = Debug|Any CPU
		{862784CA-5AE4-46FB-83B4-F97CB74D962B}.Release|Any CPU.ActiveCfg = Release|Any CPU
		{862784CA-5AE4-46FB-83B4-F97CB74D962B}.Release|Any CPU.Build.0 = Release|Any CPU
		{862784CA-5AE4-46FB-83B4-F97CB74D962B}.Release|x64.ActiveCfg = Release|Any CPU
		{862784CA-5AE4-46FB-83B4-F97CB74D962B}.Release|x64.Build.0 = Release|Any CPU
		{862784CA-5AE4-46FB-83B4-F97CB74D962B}.Release|x86.ActiveCfg = Release|Any CPU
		{862784CA-5AE4-46FB-83B4-F97CB74D962B}.Release|x86.Build.0 = Release|Any CPU
	EndGlobalSection
	GlobalSection(SolutionProperties) = preSolution
		HideSolutionNode = FALSE
	EndGlobalSection
	GlobalSection(ExtensibilityGlobals) = postSolution
		SolutionGuid = {719EAAEB-7FA0-4562-99C3-E970BDB26869}
	EndGlobalSection
EndGlobal
